git.fuyu.moe/Fuyu/assert v0.2.1 h1:F8faRzPp0AhzGDYzv0S6eehbRTb72dc0V2ZMMo39ryo=
git.fuyu.moe/Fuyu/assert v0.2.1/go.mod h1:Q/wfl8GbNF2ZRkaVOd4zcxr+1MTQ3UZLywWwaxxBzkk=
git.fuyu.moe/fuyu/router v0.2.1 h1:fyroebbQ4H+DzTHo2Cvs6lAVUI2ko9206uUmFE7COZ8=
git.fuyu.moe/fuyu/router v0.2.1/go.mod h1:0TkqT6xuoWfPS2DOjBfiaICJVvT4HfiNcVAOYW5CF7M=
github.com/google/go-cmp v0.4.0 h1:xsAVV57WRhGj6kEIi8ReJzQlHHqcBYCElAvkovg3B/4=
github.com/google/go-cmp v0.4.0/go.mod h1:v8dTdLbMG2kIc/vJvl+f65V22dbkXbowE6jgT/gNBxE=
github.com/jobstoit/strct v1.1.1 h1:UU4uvuhR5IswEyyuVpUIhutYlzrAK+wjqvkW3JSi9MQ=
github.com/jobstoit/strct v1.1.1/go.mod h1:3AqAyX3truqds8NFk2hBKtc3CgT3q8uMFWvLmzN45k0=
github.com/jobstoit/tags v1.3.1 h1:Ps7E03lMO/2S8bUDTPUziIFeOVINTTKBSsBIHAQTr6U=
github.com/jobstoit/tags v1.3.1/go.mod h1:qs8AV0hPXklMd90vWEFeTgscI+uVzaVbDn0VWsKp/iM=
github.com/julienschmidt/httprouter v1.3.0 h1:U0609e9tgbseu3rBINet9P48AI/D3oJs4dN7jwJOQ1U=
github.com/julienschmidt/httprouter v1.3.0/go.mod h1:JR6WtHb+2LUe8TCKY3cZOxFyyO8IZAc4RVcycCCAKdM=
github.com/lib/pq v1.10.2 h1:AqzbZs4ZoCBp+GtejcpCpcxM3zlSMx29dXbUSeVtJb8=
github.com/lib/pq v1.10.2/go.mod h1:AlVN5x4E4T544tWzH6hKfbfQvm3HdbOxrmggDNAPY9o=
golang.org/x/xerrors v0.0.0-20191204190536-9bdfabe68543 h1:E7g+9GITq07hpfrRu66IVDexMakfv52eLZ2CXBWiKr4=
golang.org/x/xerrors v0.0.0-20191204190536-9bdfabe68543/go.mod h1:I/5z698sn9Ka8TeJc9MKroUUfqBBauWjQqLJ2OPfmY0=
gopkg.in/check.v1 v0.0.0-20161208181325-20d25e280405 h1:yhCVgyC4o1eVCa2tZl7eS0r+SDo693bJlVdllGtEeKM=
gopkg.in/check.v1 v0.0.0-20161208181325-20d25e280405/go.mod h1:Co6ibVJAznAaIkqp8huTwlJQCZ016jof/cbN4VW5Yz0=
gopkg.in/yaml.v2 v2.4.0 h1:D8xgwECY7CYvx+Y2n4sBz93Jn9JRvxdiyyo8CTfuKaY=
gopkg.in/yaml.v2 v2.4.0/go.mod h1:RDklbk79AGWmwhnvt/jBztapEOGDOx6ZbXqjP6csGnQ=
